
Microsoft Visual Studio Solution File, Format Version 12.00
# Visual Studio Version 16
VisualStudioVersion = 16.0.30907.101
MinimumVisualStudioVersion = 10.0.40219.1
Project("{FAE04EC0-301F-11D3-BF4B-00C04F79EFBC}") = "TextSummarizer", "TextSummarizer.csproj", "{74E5457A-A4D8-4ABD-AE24-BF10E3629B13}"
EndProject
Global
	GlobalSection(SolutionConfigurationPlatforms) = preSolution
		Debug|Any CPU = Debug|Any CPU
		Release|Any CPU = Release|Any CPU
	EndGlobalSection
	GlobalSection(ProjectConfigurationPlatforms) = postSolution
		{74E5457A-A4D8-4ABD-AE24-BF10E3629B13}.Debug|Any CPU.ActiveCfg = Debug|Any CPU
		{74E5457A-A4D8-4ABD-AE24-BF10E3629B13}.Debug|Any CPU.Build.0 = Debug|Any CPU
		{74E5457A-A4D8-4ABD-AE24-BF10E3629B13}.Release|Any CPU.ActiveCfg = Release|Any CPU
		{74E5457A-A4D8-4ABD-AE24-BF10E3629B13}.Release|Any CPU.Build.0 = Release|Any CPU
	EndGlobalSection
	GlobalSection(SolutionProperties) = preSolution
		HideSolutionNode = FALSE
	EndGlobalSection
	GlobalSection(ExtensibilityGlobals) = postSolution
		SolutionGuid = {A0751E75-2090-4169-BB09-DC5AF976F4DE}
	EndGlobalSection
EndGlobal
